version = 1
revision = 3
requires-python = ">=3.11"

[[package]]
name = "deprecated"
version = "1.3.1"
source = { registry = "https://pypi.org/simple" }
dependencies = [
    { name = "wrapt" },
]
sdist = { url = "https://files.pythonhosted.org/packages/49/85/12f0a49a7c4ffb70572b6c2ef13c90c88fd190debda93b23f026b25f9634/deprecated-1.3.1.tar.gz", hash = "sha256:b1b50e0ff0c1fddaa5708a2c6b0a6588bb09b892825ab2b214ac9ea9d92a5223", size = 2932523, upload-time = "2025-10-30T08:19:02.757Z" }
wheels = [
    { url = "https://files.pythonhosted.org/packages/84/d0/205d54408c08b13550c733c4b85429e7ead111c7f0014309637425520a9a/deprecated-1.3.1-py2.py3-none-any.whl", hash = "sha256:597bfef186b6f60181535a29fbe44865ce137a5079f295b479886c82729d5f3f", size = 11298, upload-time = "2025-10-30T08:19:00.758Z" },
]

[[package]]
name = "hems-echonet"
version = "0.1.0"
source = { virtual = "." }
dependencies = [
    { name = "psycopg", extra = ["binary"] },
    { name = "pychonet" },
]

[package.metadata]
requires-dist = [
    { name = "psycopg", extras = ["binary"], specifier = ">=3.2.0" },
    { name = "pychonet", specifier = ">=2.6.18" },
]

[[package]]
name = "psycopg"
version = "3.3.3"
source = { registry = "https://pypi.org/simple" }
dependencies = [
    { name = "typing-extensions", marker = "python_full_version < '3.13'" },
    { name = "tzdata", marker = "sys_platform == 'win32'" },
]
sdist = { url = "https://files.pythonhosted.org/packages/d3/b6/379d0a960f8f435ec78720462fd94c4863e7a31237cf81bf76d0af5883bf/psycopg-3.3.3.tar.gz", hash = "sha256:5e9a47458b3c1583326513b2556a2a9473a1001a56c9efe9e587245b43148dd9", size = 165624, upload-time = "2026-02-18T16:52:16.546Z" }
wheels = [
    { url = "https://files.pythonhosted.org/packages/c8/5b/181e2e3becb7672b502f0ed7f16ed7352aca7c109cfb94cf3878a9186db9/psycopg-3.3.3-py3-none-any.whl", hash = "sha256:f96525a72bcfade6584ab17e89de415ff360748c766f0106959144dcbb38c698", size = 212768, upload-time = "2026-02-18T16:46:27.365Z" },
]

[package.optional-dependencies]
binary = [
    { name = "psycopg-binary", marker = "implementation_name != 'pypy'" },
]

[[package]]
name = "psycopg-binary"
version = "3.3.3"
source = { registry = "https://pypi.org/simple" }
wheels = [
    { url = "https://files.pythonhosted.org/packages/be/c0/b389119dd754483d316805260f3e73cdcad97925839107cc7a296f6132b1/psycopg_binary-3.3.3-cp311-cp311-macosx_10_9_x86_64.whl", hash = "sha256:a89bb9ee11177b2995d87186b1d9fa892d8ea725e85eab28c6525e4cc14ee048", size = 4609740, upload-time = "2026-02-18T16:47:51.093Z" },
    { url = "https://files.pythonhosted.org/packages/cf/e3/9976eef20f61840285174d360da4c820a311ab39d6b82fa09fbb545be825/psycopg_binary-3.3.3-cp311-cp311-macosx_11_0_arm64.whl", hash = "sha256:9f7d0cf072c6fbac3795b08c98ef9ea013f11db609659dcfc6b1f6cc31f9e181", size = 4676837, upload-time = "2026-02-18T16:47:55.523Z" },
    { url = "https://files.pythonhosted.org/packages/9f/f2/d28ba2f7404fd7f68d41e8a11df86313bd646258244cb12a8dd83b868a97/psycopg_binary-3.3.3-cp311-cp311-manylinux2014_ppc64le.manylinux_2_17_ppc64le.whl", hash = "sha256:90eecd93073922f085967f3ed3a98ba8c325cbbc8c1a204e300282abd2369e13", size = 5497070, upload-time = "2026-02-18T16:47:59.929Z" },
    { url = "https://files.pythonhosted.org/packages/de/2f/6c5c54b815edeb30a281cfcea96dc93b3bb6be939aea022f00cab7aa1420/psycopg_binary-3.3.3-cp311-cp311-manylinux2014_x86_64.manylinux_2_17_x86_64.whl", hash = "sha256:dac7ee2f88b4d7bb12837989ca354c38d400eeb21bce3b73dac02622f0a3c8d6", size = 5172410, upload-time = "2026-02-18T16:48:05.665Z" },
    { url = "https://files.pythonhosted.org/packages/51/75/8206c7008b57de03c1ada46bd3110cc3743f3fd9ed52031c4601401d766d/psycopg_binary-3.3.3-cp311-cp311-manylinux_2_27_aarch64.manylinux_2_28_aarch64.whl", hash = "sha256:b62cf8784eb6d35beaee1056d54caf94ec6ecf2b7552395e305518ab61eb8fd2", size = 6763408, upload-time = "2026-02-18T16:48:13.541Z" },
    { url = "https://files.pythonhosted.org/packages/d4/5a/ea1641a1e6c8c8b3454b0fcb43c3045133a8b703e6e824fae134088e63bd/psycopg_binary-3.3.3-cp311-cp311-manylinux_2_38_riscv64.manylinux_2_39_riscv64.whl", hash = "sha256:a39f34c9b18e8f6794cca17bfbcd64572ca2482318db644268049f8c738f35a6", size = 5006255, upload-time = "2026-02-18T16:48:22.176Z" },
    { url = "https://files.pythonhosted.org/packages/aa/fb/538df099bf55ae1637d52d7ccb6b9620b535a40f4c733897ac2b7bb9e14c/psycopg_binary-3.3.3-cp311-cp311-musllinux_1_2_aarch64.whl", hash = "sha256:883d68d48ca9ff3cb3d10c5fdebea02c79b48eecacdddbf7cce6e7cdbdc216b8", size = 4532694, upload-time = "2026-02-18T16:48:27.338Z" },
    { url = "https://files.pythonhosted.org/packages/a1/d1/00780c0e187ea3c13dfc53bd7060654b2232cd30df562aac91a5f1c545ac/psycopg_binary-3.3.3-cp311-cp311-musllinux_1_2_ppc64le.whl", hash = "sha256:cab7bc3d288d37a80aa8c0820033250c95e40b1c2b5c57cf59827b19c2a8b69d", size = 4222833, upload-time = "2026-02-18T16:48:31.221Z" },
    { url = "https://files.pythonhosted.org/packages/7a/34/a07f1ff713c51d64dc9f19f2c32be80299a2055d5d109d5853662b922cb4/psycopg_binary-3.3.3-cp311-cp311-musllinux_1_2_riscv64.whl", hash = "sha256:56c767007ca959ca32f796b42379fc7e1ae2ed085d29f20b05b3fc394f3715cc", size = 3952818, upload-time = "2026-02-18T16:48:35.869Z" },
    { url = "https://files.pythonhosted.org/packages/d3/67/d33f268a7759b4445f3c9b5a181039b01af8c8263c865c1be7a6444d4749/psycopg_binary-3.3.3-cp311-cp311-musllinux_1_2_x86_64.whl", hash = "sha256:da2f331a01af232259a21573a01338530c6016dcfad74626c01330535bcd8628", size = 4258061, upload-time = "2026-02-18T16:48:41.365Z" },
    { url = "https://files.pythonhosted.org/packages/b4/3b/0d8d2c5e8e29ccc07d28c8af38445d9d9abcd238d590186cac82ee71fc84/psycopg_binary-3.3.3-cp311-cp311-win_amd64.whl", hash = "sha256:19f93235ece6dbfc4036b5e4f6d8b13f0b8f2b3eeb8b0bd2936d406991bcdd40", size = 3558915, upload-time = "2026-02-18T16:48:46.679Z" },
    { url = "https://files.pythonhosted.org/packages/90/15/021be5c0cbc5b7c1ab46e91cc3434eb42569f79a0592e67b8d25e66d844d/psycopg_binary-3.3.3-cp312-cp312-macosx_10_13_x86_64.whl", hash = "sha256:6698dbab5bcef8fdb570fc9d35fd9ac52041771bfcfe6fd0fc5f5c4e36f1e99d", size = 4591170, upload-time = "2026-02-18T16:48:55.594Z" },
    { url = "https://files.pythonhosted.org/packages/f1/54/a60211c346c9a2f8c6b272b5f2bbe21f6e11800ce7f61e99ba75cf8b63e1/psycopg_binary-3.3.3-cp312-cp312-macosx_11_0_arm64.whl", hash = "sha256:329ff393441e75f10b673ae99ab45276887993d49e65f141da20d915c05aafd8", size = 4670009, upload-time = "2026-02-18T16:49:03.608Z" },
    { url = "https://files.pythonhosted.org/packages/c1/53/ac7c18671347c553362aadbf65f92786eef9540676ca24114cc02f5be405/psycopg_binary-3.3.3-cp312-cp312-manylinux2014_ppc64le.manylinux_2_17_ppc64le.whl", hash = "sha256:eb072949b8ebf4082ae24289a2b0fd724da9adc8f22743409d6fd718ddb379df", size = 5469735, upload-time = "2026-02-18T16:49:10.128Z" },
    { url = "https://files.pythonhosted.org/packages/7f/c3/4f4e040902b82a344eff1c736cde2f2720f127fe939c7e7565706f96dd44/psycopg_binary-3.3.3-cp312-cp312-manylinux2014_x86_64.manylinux_2_17_x86_64.whl", hash = "sha256:263a24f39f26e19ed7fc982d7859a36f17841b05bebad3eb47bb9cd2dd785351", size = 5152919, upload-time = "2026-02-18T16:49:16.335Z" },
    { url = "https://files.pythonhosted.org/packages/0c/e7/d929679c6a5c212bcf738806c7c89f5b3d0919f2e1685a0e08d6ff877945/psycopg_binary-3.3.3-cp312-cp312-manylinux_2_27_aarch64.manylinux_2_28_aarch64.whl", hash = "sha256:5152d50798c2fa5bd9b68ec68eb68a1b71b95126c1d70adaa1a08cd5eefdc23d", size = 6738785, upload-time = "2026-02-18T16:49:22.687Z" },
    { url = "https://files.pythonhosted.org/packages/69/b0/09703aeb69a9443d232d7b5318d58742e8ca51ff79f90ffe6b88f1db45e7/psycopg_binary-3.3.3-cp312-cp312-manylinux_2_38_riscv64.manylinux_2_39_riscv64.whl", hash = "sha256:9d6a1e56dd267848edb824dbeb08cf5bac649e02ee0b03ba883ba3f4f0bd54f2", size = 4979008, upload-time = "2026-02-18T16:49:27.313Z" },
    { url = "https://files.pythonhosted.org/packages/cc/a6/e662558b793c6e13a7473b970fee327d635270e41eded3090ef14045a6a5/psycopg_binary-3.3.3-cp312-cp312-musllinux_1_2_aarch64.whl", hash = "sha256:73eaaf4bb04709f545606c1db2f65f4000e8a04cdbf3e00d165a23004692093e", size = 4508255, upload-time = "2026-02-18T16:49:31.575Z" },
    { url = "https://files.pythonhosted.org/packages/5f/7f/0f8b2e1d5e0093921b6f324a948a5c740c1447fbb45e97acaf50241d0f39/psycopg_binary-3.3.3-cp312-cp312-musllinux_1_2_ppc64le.whl", hash = "sha256:162e5675efb4704192411eaf8e00d07f7960b679cd3306e7efb120bb8d9456cc", size = 4189166, upload-time = "2026-02-18T16:49:35.801Z" },
    { url = "https://files.pythonhosted.org/packages/92/ec/ce2e91c33bc8d10b00c87e2f6b0fb570641a6a60042d6a9ae35658a3a797/psycopg_binary-3.3.3-cp312-cp312-musllinux_1_2_riscv64.whl", hash = "sha256:fab6b5e37715885c69f5d091f6ff229be71e235f272ebaa35158d5a46fd548a0", size = 3924544, upload-time = "2026-02-18T16:49:41.129Z" },
    { url = "https://files.pythonhosted.org/packages/c5/2f/7718141485f73a924205af60041c392938852aa447a94c8cbd222ff389a1/psycopg_binary-3.3.3-cp312-cp312-musllinux_1_2_x86_64.whl", hash = "sha256:a4aab31bd6d1057f287c96c0effca3a25584eb9cc702f282ecb96ded7814e830", size = 4235297, upload-time = "2026-02-18T16:49:46.726Z" },
    { url = "https://files.pythonhosted.org/packages/57/f9/1add717e2643a003bbde31b1b220172e64fbc0cb09f06429820c9173f7fc/psycopg_binary-3.3.3-cp312-cp312-win_amd64.whl", hash = "sha256:59aa31fe11a0e1d1bcc2ce37ed35fe2ac84cd65bb9036d049b1a1c39064d0f14", size = 3547659, upload-time = "2026-02-18T16:49:52.999Z" },
    { url = "https://files.pythonhosted.org/packages/03/0a/cac9fdf1df16a269ba0e5f0f06cac61f826c94cadb39df028cdfe19d3a33/psycopg_binary-3.3.3-cp313-cp313-macosx_10_13_x86_64.whl", hash = "sha256:05f32239aec25c5fb15f7948cffdc2dc0dac098e48b80a140e4ba32b572a2e7d", size = 4590414, upload-time = "2026-02-18T16:50:01.441Z" },
    { url = "https://files.pythonhosted.org/packages/9c/c0/d8f8508fbf440edbc0099b1abff33003cd80c9e66eb3a1e78834e3fb4fb9/psycopg_binary-3.3.3-cp313-cp313-macosx_11_0_arm64.whl", hash = "sha256:7c84f9d214f2d1de2fafebc17fa68ac3f6561a59e291553dfc45ad299f4898c1", size = 4669021, upload-time = "2026-02-18T16:50:08.803Z" },
    { url = "https://files.pythonhosted.org/packages/04/05/097016b77e343b4568feddf12c72171fc513acef9a4214d21b9478569068/psycopg_binary-3.3.3-cp313-cp313-manylinux2014_ppc64le.manylinux_2_17_ppc64le.whl", hash = "sha256:e77957d2ba17cada11be09a5066d93026cdb61ada7c8893101d7fe1c6e1f3925", size = 5467453, upload-time = "2026-02-18T16:50:14.985Z" },
    { url = "https://files.pythonhosted.org/packages/91/23/73244e5feb55b5ca109cede6e97f32ef45189f0fdac4c80d75c99862729d/psycopg_binary-3.3.3-cp313-cp313-manylinux2014_x86_64.manylinux_2_17_x86_64.whl", hash = "sha256:42961609ac07c232a427da7c87a468d3c82fee6762c220f38e37cfdacb2b178d", size = 5151135, upload-time = "2026-02-18T16:50:24.82Z" },
    { url = "https://files.pythonhosted.org/packages/11/49/5309473b9803b207682095201d8708bbc7842ddf3f192488a69204e36455/psycopg_binary-3.3.3-cp313-cp313-manylinux_2_27_aarch64.manylinux_2_28_aarch64.whl", hash = "sha256:ae07a3114313dd91fce686cab2f4c44af094398519af0e0f854bc707e1aeedf1", size = 6737315, upload-time = "2026-02-18T16:50:35.106Z" },
    { url = "https://files.pythonhosted.org/packages/d4/5d/03abe74ef34d460b33c4d9662bf6ec1dd38888324323c1a1752133c10377/psycopg_binary-3.3.3-cp313-cp313-manylinux_2_38_riscv64.manylinux_2_39_riscv64.whl", hash = "sha256:d257c58d7b36a621dcce1d01476ad8b60f12d80eb1406aee4cf796f88b2ae482", size = 4979783, upload-time = "2026-02-18T16:50:42.067Z" },
    { url = "https://files.pythonhosted.org/packages/f0/6c/3fbf8e604e15f2f3752900434046c00c90bb8764305a1b81112bff30ba24/psycopg_binary-3.3.3-cp313-cp313-musllinux_1_2_aarch64.whl", hash = "sha256:07c7211f9327d522c9c47560cae00a4ecf6687f4e02d779d035dd3177b41cb12", size = 4509023, upload-time = "2026-02-18T16:50:50.116Z" },
    { url = "https://files.pythonhosted.org/packages/9c/6b/1a06b43b7c7af756c80b67eac8bfaa51d77e68635a8a8d246e4f0bb7604a/psycopg_binary-3.3.3-cp313-cp313-musllinux_1_2_ppc64le.whl", hash = "sha256:8e7e9eca9b363dbedeceeadd8be97149d2499081f3c52d141d7cd1f395a91f83", size = 4185874, upload-time = "2026-02-18T16:50:55.97Z" },
    { url = "https://files.pythonhosted.org/packages/2b/d3/bf49e3dcaadba510170c8d111e5e69e5ae3f981c1554c5bb71c75ce354bb/psycopg_binary-3.3.3-cp313-cp313-musllinux_1_2_riscv64.whl", hash = "sha256:cb85b1d5702877c16f28d7b92ba030c1f49ebcc9b87d03d8c10bf45a2f1c7508", size = 3925668, upload-time = "2026-02-18T16:51:03.299Z" },
    { url = "https://files.pythonhosted.org/packages/f8/92/0aac830ed6a944fe334404e1687a074e4215630725753f0e3e9a9a595b62/psycopg_binary-3.3.3-cp313-cp313-musllinux_1_2_x86_64.whl", hash = "sha256:4d4606c84d04b80f9138d72f1e28c6c02dc5ae0c7b8f3f8aaf89c681ce1cd1b1", size = 4234973, upload-time = "2026-02-18T16:51:09.097Z" },
    { url = "https://files.pythonhosted.org/packages/2e/96/102244653ee5a143ece5afe33f00f52fe64e389dfce8dbc87580c6d70d3d/psycopg_binary-3.3.3-cp313-cp313-win_amd64.whl", hash = "sha256:74eae563166ebf74e8d950ff359be037b85723d99ca83f57d9b244a871d6c13b", size = 3551342, upload-time = "2026-02-18T16:51:13.892Z" },
    { url = "https://files.pythonhosted.org/packages/a2/71/7a57e5b12275fe7e7d84d54113f0226080423a869118419c9106c083a21c/psycopg_binary-3.3.3-cp314-cp314-macosx_10_15_x86_64.whl", hash = "sha256:497852c5eaf1f0c2d88ab74a64a8097c099deac0c71de1cbcf18659a8a04a4b2", size = 4607368, upload-time = "2026-02-18T16:51:19.295Z" },
    { url = "https://files.pythonhosted.org/packages/c7/04/cb834f120f2b2c10d4003515ef9ca9d688115b9431735e3936ae48549af8/psycopg_binary-3.3.3-cp314-cp314-macosx_11_0_arm64.whl", hash = "sha256:258d1ea53464d29768bf25930f43291949f4c7becc706f6e220c515a63a24edd", size = 4687047, upload-time = "2026-02-18T16:51:23.84Z" },
    { url = "https://files.pythonhosted.org/packages/40/e9/47a69692d3da9704468041aa5ed3ad6fc7f6bb1a5ae788d261a26bbca6c7/psycopg_binary-3.3.3-cp314-cp314-manylinux2014_ppc64le.manylinux_2_17_ppc64le.whl", hash = "sha256:111c59897a452196116db12e7f608da472fbff000693a21040e35fc978b23430", size = 5487096, upload-time = "2026-02-18T16:51:29.645Z" },
    { url = "https://files.pythonhosted.org/packages/0b/b6/0e0dd6a2f802864a4ae3dbadf4ec620f05e3904c7842b326aafc43e5f464/psycopg_binary-3.3.3-cp314-cp314-manylinux2014_x86_64.manylinux_2_17_x86_64.whl", hash = "sha256:17bb6600e2455993946385249a3c3d0af52cd70c1c1cdbf712e9d696d0b0bf1b", size = 5168720, upload-time = "2026-02-18T16:51:36.499Z" },
    { url = "https://files.pythonhosted.org/packages/6f/0d/977af38ac19a6b55d22dff508bd743fd7c1901e1b73657e7937c7cccb0a3/psycopg_binary-3.3.3-cp314-cp314-manylinux_2_27_aarch64.manylinux_2_28_aarch64.whl", hash = "sha256:642050398583d61c9856210568eb09a8e4f2fe8224bf3be21b67a370e677eead", size = 6762076, upload-time = "2026-02-18T16:51:43.167Z" },
    { url = "https://files.pythonhosted.org/packages/34/40/912a39d48322cf86895c0eaf2d5b95cb899402443faefd4b09abbba6b6e1/psycopg_binary-3.3.3-cp314-cp314-manylinux_2_38_riscv64.manylinux_2_39_riscv64.whl", hash = "sha256:533efe6dc3a7cba5e2a84e38970786bb966306863e45f3db152007e9f48638a6", size = 4997623, upload-time = "2026-02-18T16:51:47.707Z" },
    { url = "https://files.pythonhosted.org/packages/98/0c/c14d0e259c65dc7be854d926993f151077887391d5a081118907a9d89603/psycopg_binary-3.3.3-cp314-cp314-musllinux_1_2_aarch64.whl", hash = "sha256:5958dbf28b77ce2033482f6cb9ef04d43f5d8f4b7636e6963d5626f000efb23e", size = 4532096, upload-time = "2026-02-18T16:51:51.421Z" },
    { url = "https://files.pythonhosted.org/packages/39/21/8b7c50a194cfca6ea0fd4d1f276158307785775426e90700ab2eba5cd623/psycopg_binary-3.3.3-cp314-cp314-musllinux_1_2_ppc64le.whl", hash = "sha256:a6af77b6626ce92b5817bf294b4d45ec1a6161dba80fc2d82cdffdd6814fd023", size = 4208884, upload-time = "2026-02-18T16:51:57.336Z" },
    { url = "https://files.pythonhosted.org/packages/c7/2c/a4981bf42cf30ebba0424971d7ce70a222ae9b82594c42fc3f2105d7b525/psycopg_binary-3.3.3-cp314-cp314-musllinux_1_2_riscv64.whl", hash = "sha256:47f06fcbe8542b4d96d7392c476a74ada521c5aebdb41c3c0155f6595fc14c8d", size = 3944542, upload-time = "2026-02-18T16:52:04.266Z" },
    { url = "https://files.pythonhosted.org/packages/60/e9/b7c29b56aa0b85a4e0c4d89db691c1ceef08f46a356369144430c155a2f5/psycopg_binary-3.3.3-cp314-cp314-musllinux_1_2_x86_64.whl", hash = "sha256:e7800e6c6b5dc4b0ca7cc7370f770f53ac83886b76afda0848065a674231e856", size = 4254339, upload-time = "2026-02-18T16:52:10.444Z" },
    { url = "https://files.pythonhosted.org/packages/98/5a/291d89f44d3820fffb7a04ebc8f3ef5dda4f542f44a5daea0c55a84abf45/psycopg_binary-3.3.3-cp314-cp314-win_amd64.whl", hash = "sha256:165f22ab5a9513a3d7425ffb7fcc7955ed8ccaeef6d37e369d6cc1dff1582383", size = 3652796, upload-time = "2026-02-18T16:52:14.02Z" },
]

[[package]]
name = "pychonet"
version = "2.6.18"
source = { registry = "https://pypi.org/simple" }
dependencies = [
    { name = "deprecated" },
]
sdist = { url = "https://files.pythonhosted.org/packages/72/6a/c81c590bbc4a7764fccbbae83dec3a34a7e08f7238f8daea032bd22b413c/pychonet-2.6.18.tar.gz", hash = "sha256:641851f2d618d33e92de76b528c0d6655f4ba173cded60b7f6c099a42e3e4791", size = 72866, upload-time = "2025-09-01T14:13:06.019Z" }
wheels = [
    { url = "https://files.pythonhosted.org/packages/3d/33/4baf1a642a33960dcbc30f99a3c066f3bc1f64dafd38e3c74d06f4bf6967/pychonet-2.6.18-py3-none-any.whl", hash = "sha256:956b6a66042883fbb313fc57f8a7d4e49ad811e481fdfe157dd7f93a45a6aef0", size = 85270, upload-time = "2025-09-01T14:13:03.858Z" },
]

[[package]]
name = "typing-extensions"
version = "4.15.0"
source = { registry = "https://pypi.org/simple" }
sdist = { url = "https://files.pythonhosted.org/packages/72/94/1a15dd82efb362ac84269196e94cf00f187f7ed21c242792a923cdb1c61f/typing_extensions-4.15.0.tar.gz", hash = "sha256:0cea48d173cc12fa28ecabc3b837ea3cf6f38c6d1136f85cbaaf598984861466", size = 109391, upload-time = "2025-08-25T13:49:26.313Z" }
wheels = [
    { url = "https://files.pythonhosted.org/packages/18/67/36e9267722cc04a6b9f15c7f3441c2363321a3ea07da7ae0c0707beb2a9c/typing_extensions-4.15.0-py3-none-any.whl", hash = "sha256:f0fa19c6845758ab08074a0cfa8b7aecb71c999ca73d62883bc25cc018c4e548", size = 44614, upload-time = "2025-08-25T13:49:24.86Z" },
]

[[package]]
name = "tzdata"
version = "2025.3"
source = { registry = "https://pypi.org/simple" }
sdist = { url = "https://files.pythonhosted.org/packages/5e/a7/c202b344c5ca7daf398f3b8a477eeb205cf3b6f32e7ec3a6bac0629ca975/tzdata-2025.3.tar.gz", hash = "sha256:de39c2ca5dc7b0344f2eba86f49d614019d29f060fc4ebc8a417896a620b56a7", size = 196772, upload-time = "2025-12-13T17:45:35.667Z" }
wheels = [
    { url = "https://files.pythonhosted.org/packages/c7/b0/003792df09decd6849a5e39c28b513c06e84436a54440380862b5aeff25d/tzdata-2025.3-py2.py3-none-any.whl", hash = "sha256:06a47e5700f3081aab02b2e513160914ff0694bce9947d6b76ebd6bf57cfc5d1", size = 348521, upload-time = "2025-12-13T17:45:33.889Z" },
]

[[package]]
name = "wrapt"
version = "2.1.1"
source = { registry = "https://pypi.org/simple" }
sdist = { url = "https://files.pythonhosted.org/packages/f7/37/ae31f40bec90de2f88d9597d0b5281e23ffe85b893a47ca5d9c05c63a4f6/wrapt-2.1.1.tar.gz", hash = "sha256:5fdcb09bf6db023d88f312bd0767594b414655d58090fc1c46b3414415f67fac", size = 81329, upload-time = "2026-02-03T02:12:13.786Z" }
wheels = [
    { url = "https://files.pythonhosted.org/packages/b8/a8/9254e4da74b30a105935197015b18b31b7a298bf046e67d8952ef74967bd/wrapt-2.1.1-cp311-cp311-macosx_10_9_x86_64.whl", hash = "sha256:6c366434a7fb914c7a5de508ed735ef9c133367114e1a7cb91dfb5cd806a1549", size = 60554, upload-time = "2026-02-03T02:11:13.038Z" },
    { url = "https://files.pythonhosted.org/packages/9e/a1/378579880cc7af226354054a2c255f69615b379d8adad482bfe2f22a0dc2/wrapt-2.1.1-cp311-cp311-macosx_11_0_arm64.whl", hash = "sha256:5d6a2068bd2e1e19e5a317c8c0b288267eec4e7347c36bc68a6e378a39f19ee7", size = 61491, upload-time = "2026-02-03T02:12:56.077Z" },
    { url = "https://files.pythonhosted.org/packages/dc/72/957b51c56acca35701665878ad31626182199fc4afecfe67dea072210f95/wrapt-2.1.1-cp311-cp311-manylinux1_x86_64.manylinux_2_28_x86_64.manylinux_2_5_x86_64.whl", hash = "sha256:891ab4713419217b2aed7dd106c9200f64e6a82226775a0d2ebd6bef2ebd1747", size = 113949, upload-time = "2026-02-03T02:11:04.516Z" },
    { url = "https://files.pythonhosted.org/packages/cd/74/36bbebb4a3d2ae9c3e6929639721f8606cd0710a82a777c371aa69e36504/wrapt-2.1.1-cp311-cp311-manylinux2014_aarch64.manylinux_2_17_aarch64.manylinux_2_28_aarch64.whl", hash = "sha256:c8ef36a0df38d2dc9d907f6617f89e113c5892e0a35f58f45f75901af0ce7d81", size = 115989, upload-time = "2026-02-03T02:12:19.398Z" },
    { url = "https://files.pythonhosted.org/packages/ae/0d/f1177245a083c7be284bc90bddfe5aece32cdd5b858049cb69ce001a0e8d/wrapt-2.1.1-cp311-cp311-musllinux_1_2_aarch64.whl", hash = "sha256:76e9af3ebd86f19973143d4d592cbf3e970cf3f66ddee30b16278c26ae34b8ab", size = 115242, upload-time = "2026-02-03T02:11:08.111Z" },
    { url = "https://files.pythonhosted.org/packages/62/3e/3b7cf5da27e59df61b1eae2d07dd03ff5d6f75b5408d694873cca7a8e33c/wrapt-2.1.1-cp311-cp311-musllinux_1_2_x86_64.whl", hash = "sha256:ff562067485ebdeaef2fa3fe9b1876bc4e7b73762e0a01406ad81e2076edcebf", size = 113676, upload-time = "2026-02-03T02:12:41.026Z" },
    { url = "https://files.pythonhosted.org/packages/f7/65/8248d3912c705f2c66f81cb97c77436f37abcbedb16d633b5ab0d795d8cd/wrapt-2.1.1-cp311-cp311-win32.whl", hash = "sha256:9e60a30aa0909435ec4ea2a3c53e8e1b50ac9f640c0e9fe3f21fd248a22f06c5", size = 57863, upload-time = "2026-02-03T02:12:18.112Z" },
    { url = "https://files.pythonhosted.org/packages/6b/31/d29310ab335f71f00c50466153b3dc985aaf4a9fc03263e543e136859541/wrapt-2.1.1-cp311-cp311-win_amd64.whl", hash = "sha256:7d79954f51fcf84e5ec4878ab4aea32610d70145c5bbc84b3370eabfb1e096c2", size = 60224, upload-time = "2026-02-03T02:12:29.289Z" },
    { url = "https://files.pythonhosted.org/packages/0c/90/a6ec319affa6e2894962a0cb9d73c67f88af1a726d15314bfb5c88b8a08d/wrapt-2.1.1-cp311-cp311-win_arm64.whl", hash = "sha256:d3ffc6b0efe79e08fd947605fd598515aebefe45e50432dc3b5cd437df8b1ada", size = 58643, upload-time = "2026-02-03T02:12:43.022Z" },
    { url = "https://files.pythonhosted.org/packages/df/cb/4d5255d19bbd12be7f8ee2c1fb4269dddec9cef777ef17174d357468efaa/wrapt-2.1.1-cp312-cp312-macosx_10_13_x86_64.whl", hash = "sha256:ab8e3793b239db021a18782a5823fcdea63b9fe75d0e340957f5828ef55fcc02", size = 61143, upload-time = "2026-02-03T02:11:46.313Z" },
    { url = "https://files.pythonhosted.org/packages/6f/07/7ed02daa35542023464e3c8b7cb937fa61f6c61c0361ecf8f5fecf8ad8da/wrapt-2.1.1-cp312-cp312-macosx_11_0_arm64.whl", hash = "sha256:7c0300007836373d1c2df105b40777986accb738053a92fe09b615a7a4547e9f", size = 61740, upload-time = "2026-02-03T02:12:51.966Z" },
    { url = "https://files.pythonhosted.org/packages/c4/60/a237a4e4a36f6d966061ccc9b017627d448161b19e0a3ab80a7c7c97f859/wrapt-2.1.1-cp312-cp312-manylinux1_x86_64.manylinux_2_28_x86_64.manylinux_2_5_x86_64.whl", hash = "sha256:2b27c070fd1132ab23957bcd4ee3ba707a91e653a9268dc1afbd39b77b2799f7", size = 121327, upload-time = "2026-02-03T02:11:06.796Z" },
    { url = "https://files.pythonhosted.org/packages/ae/fe/9139058a3daa8818fc67e6460a2340e8bbcf3aef8b15d0301338bbe181ca/wrapt-2.1.1-cp312-cp312-manylinux2014_aarch64.manylinux_2_17_aarch64.manylinux_2_28_aarch64.whl", hash = "sha256:8b0e36d845e8b6f50949b6b65fc6cd279f47a1944582ed4ec8258cd136d89a64", size = 122903, upload-time = "2026-02-03T02:12:48.657Z" },
    { url = "https://files.pythonhosted.org/packages/91/10/b8479202b4164649675846a531763531f0a6608339558b5a0a718fc49a8d/wrapt-2.1.1-cp312-cp312-musllinux_1_2_aarch64.whl", hash = "sha256:4aeea04a9889370fcfb1ef828c4cc583f36a875061505cd6cd9ba24d8b43cc36", size = 121333, upload-time = "2026-02-03T02:11:32.148Z" },
    { url = "https://files.pythonhosted.org/packages/5f/75/75fc793b791d79444aca2c03ccde64e8b99eda321b003f267d570b7b0985/wrapt-2.1.1-cp312-cp312-musllinux_1_2_x86_64.whl", hash = "sha256:d88b46bb0dce9f74b6817bc1758ff2125e1ca9e1377d62ea35b6896142ab6825", size = 120458, upload-time = "2026-02-03T02:11:16.039Z" },
    { url = "https://files.pythonhosted.org/packages/d7/8f/c3f30d511082ca6d947c405f9d8f6c8eaf83cfde527c439ec2c9a30eb5ea/wrapt-2.1.1-cp312-cp312-win32.whl", hash = "sha256:63decff76ca685b5c557082dfbea865f3f5f6d45766a89bff8dc61d336348833", size = 58086, upload-time = "2026-02-03T02:12:35.041Z" },
    { url = "https://files.pythonhosted.org/packages/0a/c8/37625b643eea2849f10c3b90f69c7462faa4134448d4443234adaf122ae5/wrapt-2.1.1-cp312-cp312-win_amd64.whl", hash = "sha256:b828235d26c1e35aca4107039802ae4b1411be0fe0367dd5b7e4d90e562fcbcd", size = 60328, upload-time = "2026-02-03T02:12:45.808Z" },
    { url = "https://files.pythonhosted.org/packages/ce/79/56242f07572d5682ba8065a9d4d9c2218313f576e3c3471873c2a5355ffd/wrapt-2.1.1-cp312-cp312-win_arm64.whl", hash = "sha256:75128507413a9f1bcbe2db88fd18fbdbf80f264b82fa33a6996cdeaf01c52352", size = 58722, upload-time = "2026-02-03T02:12:27.949Z" },
    { url = "https://files.pythonhosted.org/packages/f7/ca/3cf290212855b19af9fcc41b725b5620b32f470d6aad970c2593500817eb/wrapt-2.1.1-cp313-cp313-macosx_10_13_x86_64.whl", hash = "sha256:ce9646e17fa7c3e2e7a87e696c7de66512c2b4f789a8db95c613588985a2e139", size = 61150, upload-time = "2026-02-03T02:12:50.575Z" },
    { url = "https://files.pythonhosted.org/packages/9d/33/5b8f89a82a9859ce82da4870c799ad11ce15648b6e1c820fec3e23f4a19f/wrapt-2.1.1-cp313-cp313-macosx_11_0_arm64.whl", hash = "sha256:428cfc801925454395aa468ba7ddb3ed63dc0d881df7b81626cdd433b4e2b11b", size = 61743, upload-time = "2026-02-03T02:11:55.733Z" },
    { url = "https://files.pythonhosted.org/packages/1e/2f/60c51304fbdf47ce992d9eefa61fbd2c0e64feee60aaa439baf42ea6f40b/wrapt-2.1.1-cp313-cp313-manylinux1_x86_64.manylinux_2_28_x86_64.manylinux_2_5_x86_64.whl", hash = "sha256:5797f65e4d58065a49088c3b32af5410751cd485e83ba89e5a45e2aa8905af98", size = 121341, upload-time = "2026-02-03T02:11:20.461Z" },
    { url = "https://files.pythonhosted.org/packages/ad/03/ce5256e66dd94e521ad5e753c78185c01b6eddbed3147be541f4d38c0cb7/wrapt-2.1.1-cp313-cp313-manylinux2014_aarch64.manylinux_2_17_aarch64.manylinux_2_28_aarch64.whl", hash = "sha256:5a2db44a71202c5ae4bb5f27c6d3afbc5b23053f2e7e78aa29704541b5dad789", size = 122947, upload-time = "2026-02-03T02:11:33.596Z" },
    { url = "https://files.pythonhosted.org/packages/eb/ae/50ca8854b81b946a11a36fcd6ead32336e6db2c14b6e4a8b092b80741178/wrapt-2.1.1-cp313-cp313-musllinux_1_2_aarch64.whl", hash = "sha256:8d5350c3590af09c1703dd60ec78a7370c0186e11eaafb9dda025a30eee6492d", size = 121370, upload-time = "2026-02-03T02:11:09.886Z" },
    { url = "https://files.pythonhosted.org/packages/fb/d9/d6a7c654e0043319b4cc137a4caaf7aa16b46b51ee8df98d1060254705b7/wrapt-2.1.1-cp313-cp313-musllinux_1_2_x86_64.whl", hash = "sha256:2d9b076411bed964e752c01b49fd224cc385f3a96f520c797d38412d70d08359", size = 120465, upload-time = "2026-02-03T02:11:37.592Z" },
    { url = "https://files.pythonhosted.org/packages/55/90/65be41e40845d951f714b5a77e84f377a3787b1e8eee6555a680da6d0db5/wrapt-2.1.1-cp313-cp313-win32.whl", hash = "sha256:0bb7207130ce6486727baa85373503bf3334cc28016f6928a0fa7e19d7ecdc06", size = 58090, upload-time = "2026-02-03T02:12:53.342Z" },
    { url = "https://files.pythonhosted.org/packages/5f/66/6a09e0294c4fc8c26028a03a15191721c9271672467cc33e6617ee0d91d2/wrapt-2.1.1-cp313-cp313-win_amd64.whl", hash = "sha256:cbfee35c711046b15147b0ae7db9b976f01c9520e6636d992cd9e69e5e2b03b1", size = 60341, upload-time = "2026-02-03T02:12:36.384Z" },
    { url = "https://files.pythonhosted.org/packages/7a/f0/20ceb8b701e9a71555c87a5ddecbed76ec16742cf1e4b87bbaf26735f998/wrapt-2.1.1-cp313-cp313-win_arm64.whl", hash = "sha256:7d2756061022aebbf57ba14af9c16e8044e055c22d38de7bf40d92b565ecd2b0", size = 58731, upload-time = "2026-02-03T02:12:01.328Z" },
    { url = "https://files.pythonhosted.org/packages/80/b4/fe95beb8946700b3db371f6ce25115217e7075ca063663b8cca2888ba55c/wrapt-2.1.1-cp313-cp313t-macosx_10_13_x86_64.whl", hash = "sha256:4814a3e58bc6971e46baa910ecee69699110a2bf06c201e24277c65115a20c20", size = 62969, upload-time = "2026-02-03T02:11:51.245Z" },
    { url = "https://files.pythonhosted.org/packages/b8/89/477b0bdc784e3299edf69c279697372b8bd4c31d9c6966eae405442899df/wrapt-2.1.1-cp313-cp313t-macosx_11_0_arm64.whl", hash = "sha256:106c5123232ab9b9f4903692e1fa0bdc231510098f04c13c3081f8ad71c3d612", size = 63606, upload-time = "2026-02-03T02:12:02.64Z" },
    { url = "https://files.pythonhosted.org/packages/ed/55/9d0c1269ab76de87715b3b905df54dd25d55bbffd0b98696893eb613469f/wrapt-2.1.1-cp313-cp313t-manylinux1_x86_64.manylinux_2_28_x86_64.manylinux_2_5_x86_64.whl", hash = "sha256:1a40b83ff2535e6e56f190aff123821eea89a24c589f7af33413b9c19eb2c738", size = 152536, upload-time = "2026-02-03T02:11:24.492Z" },
    { url = "https://files.pythonhosted.org/packages/44/18/2004766030462f79ad86efaa62000b5e39b1ff001dcce86650e1625f40ae/wrapt-2.1.1-cp313-cp313t-manylinux2014_aarch64.manylinux_2_17_aarch64.manylinux_2_28_aarch64.whl", hash = "sha256:789cea26e740d71cf1882e3a42bb29052bc4ada15770c90072cb47bf73fb3dbf", size = 158697, upload-time = "2026-02-03T02:12:32.214Z" },
    { url = "https://files.pythonhosted.org/packages/e1/bb/0a880fa0f35e94ee843df4ee4dd52a699c9263f36881311cfb412c09c3e5/wrapt-2.1.1-cp313-cp313t-musllinux_1_2_aarch64.whl", hash = "sha256:ba49c14222d5e5c0ee394495a8655e991dc06cbca5398153aefa5ac08cd6ccd7", size = 155563, upload-time = "2026-02-03T02:11:49.737Z" },
    { url = "https://files.pythonhosted.org/packages/42/ff/cd1b7c4846c8678fac359a6eb975dc7ab5bd606030adb22acc8b4a9f53f1/wrapt-2.1.1-cp313-cp313t-musllinux_1_2_x86_64.whl", hash = "sha256:ac8cda531fe55be838a17c62c806824472bb962b3afa47ecbd59b27b78496f4e", size = 150161, upload-time = "2026-02-03T02:12:33.613Z" },
    { url = "https://files.pythonhosted.org/packages/38/ec/67c90a7082f452964b4621e4890e9a490f1add23cdeb7483cc1706743291/wrapt-2.1.1-cp313-cp313t-win32.whl", hash = "sha256:b8af75fe20d381dd5bcc9db2e86a86d7fcfbf615383a7147b85da97c1182225b", size = 59783, upload-time = "2026-02-03T02:11:39.863Z" },
    { url = "https://files.pythonhosted.org/packages/ec/08/466afe4855847d8febdfa2c57c87e991fc5820afbdef01a273683dfd15a0/wrapt-2.1.1-cp313-cp313t-win_amd64.whl", hash = "sha256:45c5631c9b6c792b78be2d7352129f776dd72c605be2c3a4e9be346be8376d83", size = 63082, upload-time = "2026-02-03T02:12:09.075Z" },
    { url = "https://files.pythonhosted.org/packages/9a/62/60b629463c28b15b1eeadb3a0691e17568622b12aa5bfa7ebe9b514bfbeb/wrapt-2.1.1-cp313-cp313t-win_arm64.whl", hash = "sha256:da815b9263947ac98d088b6414ac83507809a1d385e4632d9489867228d6d81c", size = 60251, upload-time = "2026-02-03T02:11:21.794Z" },
    { url = "https://files.pythonhosted.org/packages/95/a0/1c2396e272f91efe6b16a6a8bce7ad53856c8f9ae4f34ceaa711d63ec9e1/wrapt-2.1.1-cp314-cp314-macosx_10_15_x86_64.whl", hash = "sha256:9aa1765054245bb01a37f615503290d4e207e3fd59226e78341afb587e9c1236", size = 61311, upload-time = "2026-02-03T02:12:44.41Z" },
    { url = "https://files.pythonhosted.org/packages/b0/9a/d2faba7e61072a7507b5722db63562fdb22f5a24e237d460d18755627f15/wrapt-2.1.1-cp314-cp314-macosx_11_0_arm64.whl", hash = "sha256:feff14b63a6d86c1eee33a57f77573649f2550935981625be7ff3cb7342efe05", size = 61805, upload-time = "2026-02-03T02:11:59.905Z" },
    { url = "https://files.pythonhosted.org/packages/db/56/073989deb4b5d7d6e7ea424476a4ae4bda02140f2dbeaafb14ba4864dd60/wrapt-2.1.1-cp314-cp314-manylinux1_x86_64.manylinux_2_28_x86_64.manylinux_2_5_x86_64.whl", hash = "sha256:81fc5f22d5fcfdbabde96bb3f5379b9f4476d05c6d524d7259dc5dfb501d3281", size = 120308, upload-time = "2026-02-03T02:12:04.46Z" },
    { url = "https://files.pythonhosted.org/packages/d1/b6/84f37261295e38167a29eb82affaf1dc15948dc416925fe2091beee8e4ac/wrapt-2.1.1-cp314-cp314-manylinux2014_aarch64.manylinux_2_17_aarch64.manylinux_2_28_aarch64.whl", hash = "sha256:951b228ecf66def855d22e006ab9a1fc12535111ae7db2ec576c728f8ddb39e8", size = 122688, upload-time = "2026-02-03T02:11:23.148Z" },
    { url = "https://files.pythonhosted.org/packages/ea/80/32db2eec6671f80c65b7ff175be61bc73d7f5223f6910b0c921bbc4bd11c/wrapt-2.1.1-cp314-cp314-musllinux_1_2_aarch64.whl", hash = "sha256:0ddf582a95641b9a8c8bd643e83f34ecbbfe1b68bc3850093605e469ab680ae3", size = 121115, upload-time = "2026-02-03T02:12:39.068Z" },
    { url = "https://files.pythonhosted.org/packages/49/ef/dcd00383df0cd696614127902153bf067971a5aabcd3c9dcb2d8ef354b2a/wrapt-2.1.1-cp314-cp314-musllinux_1_2_x86_64.whl", hash = "sha256:fc5c500966bf48913f795f1984704e6d452ba2414207b15e1f8c339a059d5b16", size = 119484, upload-time = "2026-02-03T02:11:48.419Z" },
    { url = "https://files.pythonhosted.org/packages/76/29/0630280cdd2bd8f86f35cb6854abee1c9d6d1a28a0c6b6417cd15d378325/wrapt-2.1.1-cp314-cp314-win32.whl", hash = "sha256:4aa4baadb1f94b71151b8e44a0c044f6af37396c3b8bcd474b78b49e2130a23b", size = 58514, upload-time = "2026-02-03T02:11:58.616Z" },
    { url = "https://files.pythonhosted.org/packages/db/19/5bed84f9089ed2065f6aeda5dfc4f043743f642bc871454b261c3d7d322b/wrapt-2.1.1-cp314-cp314-win_amd64.whl", hash = "sha256:860e9d3fd81816a9f4e40812f28be4439ab01f260603c749d14be3c0a1170d19", size = 60763, upload-time = "2026-02-03T02:12:24.553Z" },
    { url = "https://files.pythonhosted.org/packages/e4/cb/b967f2f9669e4249b4fe82e630d2a01bc6b9e362b9b12ed91bbe23ae8df4/wrapt-2.1.1-cp314-cp314-win_arm64.whl", hash = "sha256:3c59e103017a2c1ea0ddf589cbefd63f91081d7ce9d491d69ff2512bb1157e23", size = 59051, upload-time = "2026-02-03T02:11:29.602Z" },
    { url = "https://files.pythonhosted.org/packages/eb/19/6fed62be29f97eb8a56aff236c3f960a4b4a86e8379dc7046a8005901a97/wrapt-2.1.1-cp314-cp314t-macosx_10_15_x86_64.whl", hash = "sha256:9fa7c7e1bee9278fc4f5dd8275bc8d25493281a8ec6c61959e37cc46acf02007", size = 63059, upload-time = "2026-02-03T02:12:06.368Z" },
    { url = "https://files.pythonhosted.org/packages/0a/1c/b757fd0adb53d91547ed8fad76ba14a5932d83dde4c994846a2804596378/wrapt-2.1.1-cp314-cp314t-macosx_11_0_arm64.whl", hash = "sha256:39c35e12e8215628984248bd9c8897ce0a474be2a773db207eb93414219d8469", size = 63618, upload-time = "2026-02-03T02:12:23.197Z" },
    { url = "https://files.pythonhosted.org/packages/10/fe/e5ae17b1480957c7988d991b93df9f2425fc51f128cf88144d6a18d0eb12/wrapt-2.1.1-cp314-cp314t-manylinux1_x86_64.manylinux_2_28_x86_64.manylinux_2_5_x86_64.whl", hash = "sha256:94ded4540cac9125eaa8ddf5f651a7ec0da6f5b9f248fe0347b597098f8ec14c", size = 152544, upload-time = "2026-02-03T02:11:43.915Z" },
    { url = "https://files.pythonhosted.org/packages/3e/cc/99aed210c6b547b8a6e4cb9d1425e4466727158a6aeb833aa7997e9e08dd/wrapt-2.1.1-cp314-cp314t-manylinux2014_aarch64.manylinux_2_17_aarch64.manylinux_2_28_aarch64.whl", hash = "sha256:da0af328373f97ed9bdfea24549ac1b944096a5a71b30e41c9b8b53ab3eec04a", size = 158700, upload-time = "2026-02-03T02:12:30.684Z" },
    { url = "https://files.pythonhosted.org/packages/81/0e/d442f745f4957944d5f8ad38bc3a96620bfff3562533b87e486e979f3d99/wrapt-2.1.1-cp314-cp314t-musllinux_1_2_aarch64.whl", hash = "sha256:4ad839b55f0bf235f8e337ce060572d7a06592592f600f3a3029168e838469d3", size = 155561, upload-time = "2026-02-03T02:11:28.164Z" },
    { url = "https://files.pythonhosted.org/packages/51/ac/9891816280e0018c48f8dfd61b136af7b0dcb4a088895db2531acde5631b/wrapt-2.1.1-cp314-cp314t-musllinux_1_2_x86_64.whl", hash = "sha256:0d89c49356e5e2a50fa86b40e0510082abcd0530f926cbd71cf25bee6b9d82d7", size = 150188, upload-time = "2026-02-03T02:11:57.053Z" },
    { url = "https://files.pythonhosted.org/packages/24/98/e2f273b6d70d41f98d0739aa9a269d0b633684a5fb17b9229709375748d4/wrapt-2.1.1-cp314-cp314t-win32.whl", hash = "sha256:f4c7dd22cf7f36aafe772f3d88656559205c3af1b7900adfccb70edeb0d2abc4", size = 60425, upload-time = "2026-02-03T02:11:35.007Z" },
    { url = "https://files.pythonhosted.org/packages/1e/06/b500bfc38a4f82d89f34a13069e748c82c5430d365d9e6b75afb3ab74457/wrapt-2.1.1-cp314-cp314t-win_amd64.whl", hash = "sha256:f76bc12c583ab01e73ba0ea585465a41e48d968f6d1311b4daec4f8654e356e3", size = 63855, upload-time = "2026-02-03T02:12:15.47Z" },
    { url = "https://files.pythonhosted.org/packages/d9/cc/5f6193c32166faee1d2a613f278608e6f3b95b96589d020f0088459c46c9/wrapt-2.1.1-cp314-cp314t-win_arm64.whl", hash = "sha256:7ea74fc0bec172f1ae5f3505b6655c541786a5cabe4bbc0d9723a56ac32eb9b9", size = 60443, upload-time = "2026-02-03T02:11:30.869Z" },
    { url = "https://files.pythonhosted.org/packages/c4/da/5a086bf4c22a41995312db104ec2ffeee2cf6accca9faaee5315c790377d/wrapt-2.1.1-py3-none-any.whl", hash = "sha256:3b0f4629eb954394a3d7c7a1c8cca25f0b07cefe6aa8545e862e9778152de5b7", size = 43886, upload-time = "2026-02-03T02:11:45.048Z" },
]
